
Microsoft Visual Studio Solution File, Format Version 12.00
# Visual Studio Version 17
VisualStudioVersion = 17.14.36202.13
MinimumVisualStudioVersion = 10.0.40219.1
Project("{FAE04EC0-301F-11D3-BF4B-00C04F79EFBC}") = "FormularioCurp", "FormularioCurp.csproj", "{6AE895FB-020E-40F1-96EC-15C066413890}"
EndProject
Project("{FAE04EC0-301F-11D3-BF4B-00C04F79EFBC}") = "PruebasControl", "..\PruebasControl\PruebasControl.csproj", "{2EA89043-7DE4-4EAE-B975-33934C6E5FD0}"
EndProject
Global
	GlobalSection(SolutionConfigurationPlatforms) = preSolution
		Debug|Any CPU = Debug|Any CPU
		Release|Any CPU = Release|Any CPU
	EndGlobalSection
	GlobalSection(ProjectConfigurationPlatforms) = postSolution
		{6AE895FB-020E-40F1-96EC-15C066413890}.Debug|Any CPU.ActiveCfg = Debug|Any CPU
		{6AE895FB-020E-40F1-96EC-15C066413890}.Debug|Any CPU.Build.0 = Debug|Any CPU
		{6AE895FB-020E-40F1-96EC-15C066413890}.Release|Any CPU.ActiveCfg = Release|Any CPU
		{6AE895FB-020E-40F1-96EC-15C066413890}.Release|Any CPU.Build.0 = Release|Any CPU
		{2EA89043-7DE4-4EAE-B975-33934C6E5FD0}.Debug|Any CPU.ActiveCfg = Debug|Any CPU
		{2EA89043-7DE4-4EAE-B975-33934C6E5FD0}.Debug|Any CPU.Build.0 = Debug|Any CPU
		{2EA89043-7DE4-4EAE-B975-33934C6E5FD0}.Release|Any CPU.ActiveCfg = Release|Any CPU
		{2EA89043-7DE4-4EAE-B975-33934C6E5FD0}.Release|Any CPU.Build.0 = Release|Any CPU
	EndGlobalSection
	GlobalSection(SolutionProperties) = preSolution
		HideSolutionNode = FALSE
	EndGlobalSection
	GlobalSection(ExtensibilityGlobals) = postSolution
		SolutionGuid = {CD6E00D0-1DB0-47EE-8FE1-6E7A914069B4}
	EndGlobalSection
EndGlobal
